
Microsoft Visual Studio Solution File, Format Version 12.00
# Visual Studio Version 17
VisualStudioVersion = 17.10.35027.167
MinimumVisualStudioVersion = 10.0.40219.1
Project("{FAE04EC0-301F-11D3-BF4B-00C04F79EFBC}") = "Estudiantes", "Estudiantes.csproj", "{536A55A0-F9F4-49C8-9342-DED279585F6F}"
EndProject
Global
	GlobalSection(SolutionConfigurationPlatforms) = preSolution
		Debug|Any CPU = Debug|Any CPU
		Release|Any CPU = Release|Any CPU
	EndGlobalSection
	GlobalSection(ProjectConfigurationPlatforms) = postSolution
		{536A55A0-F9F4-49C8-9342-DED279585F6F}.Debug|Any CPU.ActiveCfg = Debug|Any CPU
		{536A55A0-F9F4-49C8-9342-DED279585F6F}.Debug|Any CPU.Build.0 = Debug|Any CPU
		{536A55A0-F9F4-49C8-9342-DED279585F6F}.Release|Any CPU.ActiveCfg = Release|Any CPU
		{536A55A0-F9F4-49C8-9342-DED279585F6F}.Release|Any CPU.Build.0 = Release|Any CPU
	EndGlobalSection
	GlobalSection(SolutionProperties) = preSolution
		HideSolutionNode = FALSE
	EndGlobalSection
	GlobalSection(ExtensibilityGlobals) = postSolution
		SolutionGuid = {B30569F6-BBB8-4069-B862-886C6105B3D3}
	EndGlobalSection
EndGlobal
